PODS:
  - AFNetworking (2.4.1):
    - AFNetworking/NSURLConnection
    - AFNetworking/NSURLSession
    - AFNetworking/Reachability
    - AFNetworking/Security
    - AFNetworking/Serialization
    - AFNetworking/UIKit
  - AFNetworking/NSURLConnection (2.4.1):
    - AFNetworking/Reachability
    - AFNetworking/Security
    - AFNetworking/Serialization
  - AFNetworking/NSURLSession (2.4.1):
    - AFNetworking/Reachability
    - AFNetworking/Security
    - AFNetworking/Serialization
  - AFNetworking/Reachability (2.4.1)
  - AFNetworking/Security (2.4.1)
  - AFNetworking/Serialization (2.4.1)
  - AFNetworking/UIKit (2.4.1):
    - AFNetworking/NSURLConnection
    - AFNetworking/NSURLSession
  - DACircularProgress (2.2.0)
  - EaseMobSDK (2.1.0)
  - ELCImagePickerController (0.2.0)
  - MBProgressHUD (0.9)
  - MHTextField (0.5)
  - MSPullToRefreshController (1.1.0)
  - MWPhotoBrowser (1.4.1):
    - DACircularProgress
    - MBProgressHUD (~> 0.8)
    - PSTCollectionView (~> 1.2)
    - SDWebImage (~> 3.7)
  - PSTCollectionView (1.2.3)
  - Reachability (3.2)
  - SDWebImage (3.7.1):
    - SDWebImage/Core
  - SDWebImage/Core (3.7.1)
  - SlimeRefresh (0.0.1)
  - SVPullToRefresh (0.4.1)
  - SZTextView (1.1.10)
  - THProgressView (1.0)
  - UITableView-NXEmptyView (0.1.7)
  - WCAlertView (1.0.1)
  - ZCSAvatarCapture (0.0.4)

DEPENDENCIES:
  - AFNetworking (~> 2.4.1)
  - EaseMobSDK (~> 2.1.0)
  - ELCImagePickerController (~> 0.2.0)
  - MBProgressHUD (~> 0.9)
  - MHTextField (~> 0.5)
  - MSPullToRefreshController (~> 1.1.0)
  - MWPhotoBrowser (~> 1.4.1)
  - Reachability (~> 3.2)
  - SDWebImage (~> 3.7.0)
  - SlimeRefresh (~> 0.0.1)
  - SVPullToRefresh (~> 0.4.1)
  - SZTextView (~> 1.1.10)
  - THProgressView (~> 1.0)
  - UITableView-NXEmptyView (~> 0.1.7)
  - WCAlertView (~> 1.0.1)
  - ZCSAvatarCapture (~> 0.0.4)

SPEC CHECKSUMS:
  AFNetworking: 0aabc6fae66d6e5d039eeb21c315843c7aae51ab
  DACircularProgress: 3b41941891a56dc6aa17971f5322a9a38a6f446e
  EaseMobSDK: 63f37ee58fbe75c4b975c89c67ea9a8813645ddb
  ELCImagePickerController: 4dc83bb6ce995f4964b0080d77ad5a01141e6db2
  MBProgressHUD: 2038dbcf3dce73215abed6001657043d53aa79a8
  MHTextField: f6db75bf005dd08e0f39e338c5098c834a25510f
  MSPullToRefreshController: 7461120800f2d8e6feb9cee80f0677e07f322d1c
  MWPhotoBrowser: be05b3b7521e961382a4ba5579685bf5a00b93d8
  PSTCollectionView: d9f466e4554cc83260ca9bde7beb27f308e8fd76
  Reachability: 1ef8adf5c4e3d362f96515d4278f68dad3c26930
  SDWebImage: 116e88633b5b416ea0ca4b334a4ac59cf72dd38d
  SlimeRefresh: efc9103a415f438c2aca8f72c0d4b007407714b6
  SVPullToRefresh: d5161ebc833a38b465364412e5e307ca80bbb190
  SZTextView: 8f1126696c6d54e5f0d672bbecf259ef65b04aeb
  THProgressView: 083589a96d15ee94329a27cab1d1a79111722efa
  UITableView-NXEmptyView: e54d8033730946bf0df6b29d72343987019da095
  WCAlertView: 91e70d413b87d4e97f7c42574ef6a6b46881baf9
  ZCSAvatarCapture: 0ce82a7f03c30c54c4d27abb4f7362ec4a03a3f0

COCOAPODS: 0.34.4
